// !$*UTF8*$!
{
	archiveVersion = 1;
	classes = {
	};
	objectVersion = 46;
	objects = {

/* Begin PBXBuildFile section */
		18E26ED21B749EBB0001DCD9 /* AppDelegate.swift in Sources */ = {isa = PBXBuildFile; fileRef = 18E26ED11B749EBB0001DCD9 /* AppDelegate.swift */; };
		18E26ED41B749EBB0001DCD9 /* ViewController.swift in Sources */ = {isa = PBXBuildFile; fileRef = 18E26ED31B749EBB0001DCD9 /* ViewController.swift */; };
		18E26ED71B749EBB0001DCD9 /* Main.storyboard in Resources */ = {isa = PBXBuildFile; fileRef = 18E26ED51B749EBB0001DCD9 /* Main.storyboard */; };
		18E26ED91B749EBB0001DCD9 /* Images.xcassets in Resources */ = {isa = PBXBuildFile; fileRef = 18E26ED81B749EBB0001DCD9 /* Images.xcassets */; };
		18E26EDC1B749EBB0001DCD9 /* LaunchScreen.xib in Resources */ = {isa = PBXBuildFile; fileRef = 18E26EDA1B749EBB0001DCD9 /* LaunchScreen.xib */; };
		18E26EE81B749EBB0001DCD9 /* swiftV2exTests.swift in Sources */ = {isa = PBXBuildFile; fileRef = 18E26EE71B749EBB0001DCD9 /* swiftV2exTests.swift */; };
		18F6F8E71B7880B500AC7AEF /* Topic.swift in Sources */ = {isa = PBXBuildFile; fileRef = 18F6F8E61B7880B500AC7AEF /* Topic.swift */; };
		18F6F8EA1B7882C200AC7AEF /* Member.swift in Sources */ = {isa = PBXBuildFile; fileRef = 18F6F8E91B7882C200AC7AEF /* Member.swift */; };
		18F6F8EC1B78834A00AC7AEF /* Node.swift in Sources */ = {isa = PBXBuildFile; fileRef = 18F6F8EB1B78834A00AC7AEF /* Node.swift */; };
		18F6F8EE1B788DDB00AC7AEF /* User.swift in Sources */ = {isa = PBXBuildFile; fileRef = 18F6F8ED1B788DDB00AC7AEF /* User.swift */; };
		18F6F8F31B789DC100AC7AEF /* V2exClient.swift in Sources */ = {isa = PBXBuildFile; fileRef = 18F6F8F21B789DC100AC7AEF /* V2exClient.swift */; };
		883D072A4B831A8D832EE4EE /* Pods.framework in Frameworks */ = {isa = PBXBuildFile; fileRef = F271D44450DAABB1239174E0 /* Pods.framework */; settings = {ATTRIBUTES = (Weak, ); }; };
/* End PBXBuildFile section */

/* Begin PBXContainerItemProxy section */
		18E26EE21B749EBB0001DCD9 /* PBXContainerItemProxy */ = {
			isa = PBXContainerItemProxy;
			containerPortal = 18E26EC41B749EBB0001DCD9 /* Project object */;
			proxyType = 1;
			remoteGlobalIDString = 18E26ECB1B749EBB0001DCD9;
			remoteInfo = swiftV2ex;
		};
/* End PBXContainerItemProxy section */

/* Begin PBXFileReference section */
		18E26ECC1B749EBB0001DCD9 /* swiftV2ex.app */ = {isa = PBXFileReference; explicitFileType = wrapper.application; includeInIndex = 0; path = swiftV2ex.app; sourceTree = BUILT_PRODUCTS_DIR; };
		18E26ED01B749EBB0001DCD9 /* Info.plist */ = {isa = PBXFileReference; lastKnownFileType = text.plist.xml; path = Info.plist; sourceTree = "<group>"; };
		18E26ED11B749EBB0001DCD9 /* AppDelegate.swift */ = {isa = PBXFileReference; lastKnownFileType = sourcecode.swift; path = AppDelegate.swift; sourceTree = "<group>"; };
		18E26ED31B749EBB0001DCD9 /* ViewController.swift */ = {isa = PBXFileReference; lastKnownFileType = sourcecode.swift; path = ViewController.swift; sourceTree = "<group>"; };
		18E26ED61B749EBB0001DCD9 /* Base */ = {isa = PBXFileReference; lastKnownFileType = file.storyboard; name = Base; path = Base.lproj/Main.storyboard; sourceTree = "<group>"; };
		18E26ED81B749EBB0001DCD9 /* Images.xcassets */ = {isa = PBXFileReference; lastKnownFileType = folder.assetcatalog; path = Images.xcassets; sourceTree = "<group>"; };
		18E26EDB1B749EBB0001DCD9 /* Base */ = {isa = PBXFileReference; lastKnownFileType = file.xib; name = Base; path = Base.lproj/LaunchScreen.xib; sourceTree = "<group>"; };
		18E26EE11B749EBB0001DCD9 /* swiftV2exTests.xctest */ = {isa = PBXFileReference; explicitFileType = wrapper.cfbundle; includeInIndex = 0; path = swiftV2exTests.xctest; sourceTree = BUILT_PRODUCTS_DIR; };
		18E26EE61B749EBB0001DCD9 /* Info.plist */ = {isa = PBXFileReference; lastKnownFileType = text.plist.xml; path = Info.plist; sourceTree = "<group>"; };
		18E26EE71B749EBB0001DCD9 /* swiftV2exTests.swift */ = {isa = PBXFileReference; lastKnownFileType = sourcecode.swift; path = swiftV2exTests.swift; sourceTree = "<group>"; };
		18F6F8E61B7880B500AC7AEF /* Topic.swift */ = {isa = PBXFileReference; fileEncoding = 4; lastKnownFileType = sourcecode.swift; name = Topic.swift; path = Model/Topic.swift; sourceTree = "<group>"; };
		18F6F8E91B7882C200AC7AEF /* Member.swift */ = {isa = PBXFileReference; fileEncoding = 4; lastKnownFileType = sourcecode.swift; name = Member.swift; path = Model/Member.swift; sourceTree = "<group>"; };
		18F6F8EB1B78834A00AC7AEF /* Node.swift */ = {isa = PBXFileReference; fileEncoding = 4; lastKnownFileType = sourcecode.swift; name = Node.swift; path = Model/Node.swift; sourceTree = "<group>"; };
		18F6F8ED1B788DDB00AC7AEF /* User.swift */ = {isa = PBXFileReference; fileEncoding = 4; lastKnownFileType = sourcecode.swift; name = User.swift; path = Model/User.swift; sourceTree = "<group>"; };
		18F6F8F21B789DC100AC7AEF /* V2exClient.swift */ = {isa = PBXFileReference; fileEncoding = 4; lastKnownFileType = sourcecode.swift; name = V2exClient.swift; path = Client/V2exClient.swift; sourceTree = "<group>"; };
		3817FC2BC0F3CDD02DC9594A /* Pods.release.xcconfig */ = {isa = PBXFileReference; includeInIndex = 1; lastKnownFileType = text.xcconfig; name = Pods.release.xcconfig; path = "Pods/Target Support Files/Pods/Pods.release.xcconfig"; sourceTree = "<group>"; };
		D61B2BCAB87BF68A49F699AA /* Pods.debug.xcconfig */ = {isa = PBXFileReference; includeInIndex = 1; lastKnownFileType = text.xcconfig; name = Pods.debug.xcconfig; path = "Pods/Target Support Files/Pods/Pods.debug.xcconfig"; sourceTree = "<group>"; };
		F271D44450DAABB1239174E0 /* Pods.framework */ = {isa = PBXFileReference; explicitFileType = wrapper.framework; includeInIndex = 0; path = Pods.framework; sourceTree = BUILT_PRODUCTS_DIR; };
/* End PBXFileReference section */

/* Begin PBXFrameworksBuildPhase section */
		18E26EC91B749EBB0001DCD9 /* Frameworks */ = {
			isa = PBXFrameworksBuildPhase;
			buildActionMask = 2147483647;
			files = (
				883D072A4B831A8D832EE4EE /* Pods.framework in Frameworks */,
			);
			runOnlyForDeploymentPostprocessing = 0;
		};
		18E26EDE1B749EBB0001DCD9 /* Frameworks */ = {
			isa = PBXFrameworksBuildPhase;
			buildActionMask = 2147483647;
			files = (
			);
			runOnlyForDeploymentPostprocessing = 0;
		};
/* End PBXFrameworksBuildPhase section */

/* Begin PBXGroup section */
		18E26EC31B749EBB0001DCD9 = {
			isa = PBXGroup;
			children = (
				18E26ECE1B749EBB0001DCD9 /* swiftV2ex */,
				18E26EE41B749EBB0001DCD9 /* swiftV2exTests */,
				18E26ECD1B749EBB0001DCD9 /* Products */,
				5A0B50CC095DA6066B5AABD1 /* Pods */,
				8F9041A8233BDEF62066C928 /* Frameworks */,
			);
			sourceTree = "<group>";
		};
		18E26ECD1B749EBB0001DCD9 /* Products */ = {
			isa = PBXGroup;
			children = (
				18E26ECC1B749EBB0001DCD9 /* swiftV2ex.app */,
				18E26EE11B749EBB0001DCD9 /* swiftV2exTests.xctest */,
			);
			name = Products;
			sourceTree = "<group>";
		};
		18E26ECE1B749EBB0001DCD9 /* swiftV2ex */ = {
			isa = PBXGroup;
			children = (
				18F6F8F11B789BF100AC7AEF /* Client */,
				18F6F8E81B7880BA00AC7AEF /* Model */,
				18E26ED11B749EBB0001DCD9 /* AppDelegate.swift */,
				18E26ED31B749EBB0001DCD9 /* ViewController.swift */,
				18E26ED51B749EBB0001DCD9 /* Main.storyboard */,
				18E26ED81B749EBB0001DCD9 /* Images.xcassets */,
				18E26EDA1B749EBB0001DCD9 /* LaunchScreen.xib */,
				18E26ECF1B749EBB0001DCD9 /* Supporting Files */,
			);
			path = swiftV2ex;
			sourceTree = "<group>";
		};
		18E26ECF1B749EBB0001DCD9 /* Supporting Files */ = {
			isa = PBXGroup;
			children = (
				18E26ED01B749EBB0001DCD9 /* Info.plist */,
			);
			name = "Supporting Files";
			sourceTree = "<group>";
		};
		18E26EE41B749EBB0001DCD9 /* swiftV2exTests */ = {
			isa = PBXGroup;
			children = (
				18E26EE71B749EBB0001DCD9 /* swiftV2exTests.swift */,
				18E26EE51B749EBB0001DCD9 /* Supporting Files */,
			);
			path = swiftV2exTests;
			sourceTree = "<group>";
		};
		18E26EE51B749EBB0001DCD9 /* Supporting Files */ = {
			isa = PBXGroup;
			children = (
				18E26EE61B749EBB0001DCD9 /* Info.plist */,
			);
			name = "Supporting Files";
			sourceTree = "<group>";
		};
		18F6F8E81B7880BA00AC7AEF /* Model */ = {
			isa = PBXGroup;
			children = (
				18F6F8E61B7880B500AC7AEF /* Topic.swift */,
				18F6F8EB1B78834A00AC7AEF /* Node.swift */,
				18F6F8E91B7882C200AC7AEF /* Member.swift */,
				18F6F8ED1B788DDB00AC7AEF /* User.swift */,
			);
			name = Model;
			sourceTree = "<group>";
		};
		18F6F8F11B789BF100AC7AEF /* Client */ = {
			isa = PBXGroup;
			children = (
				18F6F8F21B789DC100AC7AEF /* V2exClient.swift */,
			);
			name = Client;
			sourceTree = "<group>";
		};
		5A0B50CC095DA6066B5AABD1 /* Pods */ = {
			isa = PBXGroup;
			children = (
				D61B2BCAB87BF68A49F699AA /* Pods.debug.xcconfig */,
				3817FC2BC0F3CDD02DC9594A /* Pods.release.xcconfig */,
			);
			name = Pods;
			sourceTree = "<group>";
		};
		8F9041A8233BDEF62066C928 /* Frameworks */ = {
			isa = PBXGroup;
			children = (
				F271D44450DAABB1239174E0 /* Pods.framework */,
			);
			name = Frameworks;
			sourceTree = "<group>";
		};
/* End PBXGroup section */

/* Begin PBXNativeTarget section */
		18E26ECB1B749EBB0001DCD9 /* swiftV2ex */ = {
			isa = PBXNativeTarget;
			buildConfigurationList = 18E26EEB1B749EBB0001DCD9 /* Build configuration list for PBXNativeTarget "swiftV2ex" */;
			buildPhases = (
				70AD629AF617D8B26FC4BC6C /* Check Pods Manifest.lock */,
				18E26EC81B749EBB0001DCD9 /* Sources */,
				18E26EC91B749EBB0001DCD9 /* Frameworks */,
				18E26ECA1B749EBB0001DCD9 /* Resources */,
				6D58CFF1AB4947F12EC66745 /* Embed Pods Frameworks */,
				CE4B9269076B0B0D15E2F77D /* Copy Pods Resources */,
			);
			buildRules = (
			);
			dependencies = (
			);
			name = swiftV2ex;
			productName = swiftV2ex;
			productReference = 18E26ECC1B749EBB0001DCD9 /* swiftV2ex.app */;
			productType = "com.apple.product-type.application";
		};
		18E26EE01B749EBB0001DCD9 /* swiftV2exTests */ = {
			isa = PBXNativeTarget;
			buildConfigurationList = 18E26EEE1B749EBB0001DCD9 /* Build configuration list for PBXNativeTarget "swiftV2exTests" */;
			buildPhases = (
				18E26EDD1B749EBB0001DCD9 /* Sources */,
				18E26EDE1B749EBB0001DCD9 /* Frameworks */,
				18E26EDF1B749EBB0001DCD9 /* Resources */,
			);
			buildRules = (
			);
			dependencies = (
				18E26EE31B749EBB0001DCD9 /* PBXTargetDependency */,
			);
			name = swiftV2exTests;
			productName = swiftV2exTests;
			productReference = 18E26EE11B749EBB0001DCD9 /* swiftV2exTests.xctest */;
			productType = "com.apple.product-type.bundle.unit-test";
		};
/* End PBXNativeTarget section */

/* Begin PBXProject section */
		18E26EC41B749EBB0001DCD9 /* Project object */ = {
			isa = PBXProject;
			attributes = {
				LastSwiftUpdateCheck = 0700;
				LastUpgradeCheck = 0640;
				ORGANIZATIONNAME = apple.com;
				TargetAttributes = {
					18E26ECB1B749EBB0001DCD9 = {
						CreatedOnToolsVersion = 6.4;
					};
					18E26EE01B749EBB0001DCD9 = {
						CreatedOnToolsVersion = 6.4;
						TestTargetID = 18E26ECB1B749EBB0001DCD9;
					};
				};
			};
			buildConfigurationList = 18E26EC71B749EBB0001DCD9 /* Build configuration list for PBXProject "swiftV2ex" */;
			compatibilityVersion = "Xcode 3.2";
			developmentRegion = English;
			hasScannedForEncodings = 0;
			knownRegions = (
				en,
				Base,
			);
			mainGroup = 18E26EC31B749EBB0001DCD9;
			productRefGroup = 18E26ECD1B749EBB0001DCD9 /* Products */;
			projectDirPath = "";
			projectRoot = "";
			targets = (
				18E26ECB1B749EBB0001DCD9 /* swiftV2ex */,
				18E26EE01B749EBB0001DCD9 /* swiftV2exTests */,
			);
		};
/* End PBXProject section */

/* Begin PBXResourcesBuildPhase section */
		18E26ECA1B749EBB0001DCD9 /* Resources */ = {
			isa = PBXResourcesBuildPhase;
			buildActionMask = 2147483647;
			files = (
				18E26ED71B749EBB0001DCD9 /* Main.storyboard in Resources */,
				18E26EDC1B749EBB0001DCD9 /* LaunchScreen.xib in Resources */,
				18E26ED91B749EBB0001DCD9 /* Images.xcassets in Resources */,
			);
			runOnlyForDeploymentPostprocessing = 0;
		};
		18E26EDF1B749EBB0001DCD9 /* Resources */ = {
			isa = PBXResourcesBuildPhase;
			buildActionMask = 2147483647;
			files = (
			);
			runOnlyForDeploymentPostprocessing = 0;
		};
/* End PBXResourcesBuildPhase section */

/* Begin PBXShellScriptBuildPhase section */
		6D58CFF1AB4947F12EC66745 /* Embed Pods Frameworks */ = {
			isa = PBXShellScriptBuildPhase;
			buildActionMask = 2147483647;
			files = (
			);
			inputPaths = (
			);
			name = "Embed Pods Frameworks";
			outputPaths = (
			);
			runOnlyForDeploymentPostprocessing = 0;
			shellPath = /bin/sh;
			shellScript = "\"${SRCROOT}/Pods/Target Support Files/Pods/Pods-frameworks.sh\"\n";
			showEnvVarsInLog = 0;
		};
		70AD629AF617D8B26FC4BC6C /* Check Pods Manifest.lock */ = {
			isa = PBXShellScriptBuildPhase;
			buildActionMask = 2147483647;
			files = (
			);
			inputPaths = (
			);
			name = "Check Pods Manifest.lock";
			outputPaths = (
			);
			runOnlyForDeploymentPostprocessing = 0;
			shellPath = /bin/sh;
			shellScript = "diff \"${PODS_ROOT}/../Podfile.lock\" \"${PODS_ROOT}/Manifest.lock\" > /dev/null\nif [[ $? != 0 ]] ; then\n    cat << EOM\nerror: The sandbox is not in sync with the Podfile.lock. Run 'pod install' or update your CocoaPods installation.\nEOM\n    exit 1\nfi\n";
			showEnvVarsInLog = 0;
		};
		CE4B9269076B0B0D15E2F77D /* Copy Pods Resources */ = {
			isa = PBXShellScriptBuildPhase;
			buildActionMask = 2147483647;
			files = (
			);
			inputPaths = (
			);
			name = "Copy Pods Resources";
			outputPaths = (
			);
			runOnlyForDeploymentPostprocessing = 0;
			shellPath = /bin/sh;
			shellScript = "\"${SRCROOT}/Pods/Target Support Files/Pods/Pods-resources.sh\"\n";
			showEnvVarsInLog = 0;
		};
/* End PBXShellScriptBuildPhase section */

/* Begin PBXSourcesBuildPhase section */
		18E26EC81B749EBB0001DCD9 /* Sources */ = {
			isa = PBXSourcesBuildPhase;
			buildActionMask = 2147483647;
			files = (
				18E26ED41B749EBB0001DCD9 /* ViewController.swift in Sources */,
				18F6F8F31B789DC100AC7AEF /* V2exClient.swift in Sources */,
				18F6F8EC1B78834A00AC7AEF /* Node.swift in Sources */,
				18F6F8EE1B788DDB00AC7AEF /* User.swift in Sources */,
				18F6F8E71B7880B500AC7AEF /* Topic.swift in Sources */,
				18E26ED21B749EBB0001DCD9 /* AppDelegate.swift in Sources */,
				18F6F8EA1B7882C200AC7AEF /* Member.swift in Sources */,
			);
			runOnlyForDeploymentPostprocessing = 0;
		};
		18E26EDD1B749EBB0001DCD9 /* Sources */ = {
			isa = PBXSourcesBuildPhase;
			buildActionMask = 2147483647;
			files = (
				18E26EE81B749EBB0001DCD9 /* swiftV2exTests.swift in Sources */,
			);
			runOnlyForDeploymentPostprocessing = 0;
		};
/* End PBXSourcesBuildPhase section */

/* Begin PBXTargetDependency section */
		18E26EE31B749EBB0001DCD9 /* PBXTargetDependency */ = {
			isa = PBXTargetDependency;
			target = 18E26ECB1B749EBB0001DCD9 /* swiftV2ex */;
			targetProxy = 18E26EE21B749EBB0001DCD9 /* PBXContainerItemProxy */;
		};
/* End PBXTargetDependency section */

/* Begin PBXVariantGroup section */
		18E26ED51B749EBB0001DCD9 /* Main.storyboard */ = {
			isa = PBXVariantGroup;
			children = (
				18E26ED61B749EBB0001DCD9 /* Base */,
			);
			name = Main.storyboard;
			sourceTree = "<group>";
		};
		18E26EDA1B749EBB0001DCD9 /* LaunchScreen.xib */ = {
			isa = PBXVariantGroup;
			children = (
				18E26EDB1B749EBB0001DCD9 /* Base */,
			);
			name = LaunchScreen.xib;
			sourceTree = "<group>";
		};
/* End PBXVariantGroup section */

/* Begin XCBuildConfiguration section */
		18E26EE91B749EBB0001DCD9 /* Debug */ = {
			isa = XCBuildConfiguration;
			buildSettings = {
				ALWAYS_SEARCH_USER_PATHS = NO;
				CLANG_CXX_LANGUAGE_STANDARD = "gnu++0x";
				CLANG_CXX_LIBRARY = "libc++";
				CLANG_ENABLE_MODULES = YES;
				CLANG_ENABLE_OBJC_ARC = YES;
				CLANG_WARN_BOOL_CONVERSION = YES;
				CLANG_WARN_CONSTANT_CONVERSION = YES;
				CLANG_WARN_DIRECT_OBJC_ISA_USAGE = YES_ERROR;
				CLANG_WARN_EMPTY_BODY = YES;
				CLANG_WARN_ENUM_CONVERSION = YES;
				CLANG_WARN_INT_CONVERSION = YES;
				CLANG_WARN_OBJC_ROOT_CLASS = YES_ERROR;
				CLANG_WARN_UNREACHABLE_CODE = YES;
				CLANG_WARN__DUPLICATE_METHOD_MATCH = YES;
				"CODE_SIGN_IDENTITY[sdk=iphoneos*]" = "iPhone Developer";
				COPY_PHASE_STRIP = NO;
				DEBUG_INFORMATION_FORMAT = "dwarf-with-dsym";
				ENABLE_STRICT_OBJC_MSGSEND = YES;
				GCC_C_LANGUAGE_STANDARD = gnu99;
				GCC_DYNAMIC_NO_PIC = NO;
				GCC_NO_COMMON_BLOCKS = YES;
				GCC_OPTIMIZATION_LEVEL = 0;
				GCC_PREPROCESSOR_DEFINITIONS = (
					"DEBUG=1",
					"$(inherited)",
				);
				GCC_SYMBOLS_PRIVATE_EXTERN = NO;
				GCC_WARN_64_TO_32_BIT_CONVERSION = YES;
				GCC_WARN_ABOUT_RETURN_TYPE = YES_ERROR;
				GCC_WARN_UNDECLARED_SELECTOR = YES;
				GCC_WARN_UNINITIALIZED_AUTOS = YES_AGGRESSIVE;
				GCC_WARN_UNUSED_FUNCTION = YES;
				GCC_WARN_UNUSED_VARIABLE = YES;
				IPHONEOS_DEPLOYMENT_TARGET = 8.4;
				MTL_ENABLE_DEBUG_INFO = YES;
				ONLY_ACTIVE_ARCH = YES;
				SDKROOT = iphoneos;
				SWIFT_OPTIMIZATION_LEVEL = "-Onone";
			};
			name = Debug;
		};
		18E26EEA1B749EBB0001DCD9 /* Release */ = {
			isa = XCBuildConfiguration;
			buildSettings = {
				ALWAYS_SEARCH_USER_PATHS = NO;
				CLANG_CXX_LANGUAGE_STANDARD = "gnu++0x";
				CLANG_CXX_LIBRARY = "libc++";
				CLANG_ENABLE_MODULES = YES;
				CLANG_ENABLE_OBJC_ARC = YES;
				CLANG_WARN_BOOL_CONVERSION = YES;
				CLANG_WARN_CONSTANT_CONVERSION = YES;
				CLANG_WARN_DIRECT_OBJC_ISA_USAGE = YES_ERROR;
				CLANG_WARN_EMPTY_BODY = YES;
				CLANG_WARN_ENUM_CONVERSION = YES;
				CLANG_WARN_INT_CONVERSION = YES;
				CLANG_WARN_OBJC_ROOT_CLASS = YES_ERROR;
				CLANG_WARN_UNREACHABLE_CODE = YES;
				CLANG_WARN__DUPLICATE_METHOD_MATCH = YES;
				"CODE_SIGN_IDENTITY[sdk=iphoneos*]" = "iPhone Developer";
				COPY_PHASE_STRIP = NO;
				DEBUG_INFORMATION_FORMAT = "dwarf-with-dsym";
				ENABLE_NS_ASSERTIONS = NO;
				ENABLE_STRICT_OBJC_MSGSEND = YES;
				GCC_C_LANGUAGE_STANDARD = gnu99;
				GCC_NO_COMMON_BLOCKS = YES;
				GCC_WARN_64_TO_32_BIT_CONVERSION = YES;
				GCC_WARN_ABOUT_RETURN_TYPE = YES_ERROR;
				GCC_WARN_UNDECLARED_SELECTOR = YES;
				GCC_WARN_UNINITIALIZED_AUTOS = YES_AGGRESSIVE;
				GCC_WARN_UNUSED_FUNCTION = YES;
				GCC_WARN_UNUSED_VARIABLE = YES;
				IPHONEOS_DEPLOYMENT_TARGET = 8.4;
				MTL_ENABLE_DEBUG_INFO = NO;
				SDKROOT = iphoneos;
				VALIDATE_PRODUCT = YES;
			};
			name = Release;
		};
		18E26EEC1B749EBB0001DCD9 /* Debug */ = {
			isa = XCBuildConfiguration;
			baseConfigurationReference = D61B2BCAB87BF68A49F699AA /* Pods.debug.xcconfig */;
			buildSettings = {
				ASSETCATALOG_COMPILER_APPICON_NAME = AppIcon;
				INFOPLIST_FILE = swiftV2ex/Info.plist;
				LD_RUNPATH_SEARCH_PATHS = "$(inherited) @executable_path/Frameworks";
				PRODUCT_NAME = "$(TARGET_NAME)";
			};
			name = Debug;
		};
		18E26EED1B749EBB0001DCD9 /* Release */ = {
			isa = XCBuildConfiguration;
			baseConfigurationReference = 3817FC2BC0F3CDD02DC9594A /* Pods.release.xcconfig */;
			buildSettings = {
				ASSETCATALOG_COMPILER_APPICON_NAME = AppIcon;
				INFOPLIST_FILE = swiftV2ex/Info.plist;
				LD_RUNPATH_SEARCH_PATHS = "$(inherited) @executable_path/Frameworks";
				PRODUCT_NAME = "$(TARGET_NAME)";
			};
			name = Release;
		};
		18E26EEF1B749EBB0001DCD9 /* Debug */ = {
			isa = XCBuildConfiguration;
			buildSettings = {
				BUNDLE_LOADER = "$(TEST_HOST)";
				FRAMEWORK_SEARCH_PATHS = (
					"$(SDKROOT)/Developer/Library/Frameworks",
					"$(inherited)",
				);
				GCC_PREPROCESSOR_DEFINITIONS = (
					"DEBUG=1",
					"$(inherited)",
				);
				INFOPLIST_FILE = swiftV2exTests/Info.plist;
				LD_RUNPATH_SEARCH_PATHS = "$(inherited) @executable_path/Frameworks @loader_path/Frameworks";
				PRODUCT_NAME = "$(TARGET_NAME)";
				TEST_HOST = "$(BUILT_PRODUCTS_DIR)/swiftV2ex.app/swiftV2ex";
			};
			name = Debug;
		};
		18E26EF01B749EBB0001DCD9 /* Release */ = {
			isa = XCBuildConfiguration;
			buildSettings = {
				BUNDLE_LOADER = "$(TEST_HOST)";
				FRAMEWORK_SEARCH_PATHS = (
					"$(SDKROOT)/Developer/Library/Frameworks",
					"$(inherited)",
				);
				INFOPLIST_FILE = swiftV2exTests/Info.plist;
				LD_RUNPATH_SEARCH_PATHS = "$(inherited) @executable_path/Frameworks @loader_path/Frameworks";
				PRODUCT_NAME = "$(TARGET_NAME)";
				TEST_HOST = "$(BUILT_PRODUCTS_DIR)/swiftV2ex.app/swiftV2ex";
			};
			name = Release;
		};
/* End XCBuildConfiguration section */

/* Begin XCConfigurationList section */
		18E26EC71B749EBB0001DCD9 /* Build configuration list for PBXProject "swiftV2ex" */ = {
			isa = XCConfigurationList;
			buildConfigurations = (
				18E26EE91B749EBB0001DCD9 /* Debug */,
				18E26EEA1B749EBB0001DCD9 /* Release */,
			);
			defaultConfigurationIsVisible = 0;
			defaultConfigurationName = Release;
		};
		18E26EEB1B749EBB0001DCD9 /* Build configuration list for PBXNativeTarget "swiftV2ex" */ = {
			isa = XCConfigurationList;
			buildConfigurations = (
				18E26EEC1B749EBB0001DCD9 /* Debug */,
				18E26EED1B749EBB0001DCD9 /* Release */,
			);
			defaultConfigurationIsVisible = 0;
			defaultConfigurationName = Release;
		};
		18E26EEE1B749EBB0001DCD9 /* Build configuration list for PBXNativeTarget "swiftV2exTests" */ = {
			isa = XCConfigurationList;
			buildConfigurations = (
				18E26EEF1B749EBB0001DCD9 /* Debug */,
				18E26EF01B749EBB0001DCD9 /* Release */,
			);
			defaultConfigurationIsVisible = 0;
			defaultConfigurationName = Release;
		};
/* End XCConfigurationList section */
	};
	rootObject = 18E26EC41B749EBB0001DCD9 /* Project object */;
}
